// !$*UTF8*$!
{
	archiveVersion = 1;
	classes = {
	};
	objectVersion = 55;
	objects = {

/* Begin PBXBuildFile section */
		754BADF0B89655420007DE0B /* Pods_MyAPPProject.framework in Frameworks */ = {isa = PBXBuildFile; fileRef = A96EE018989194F77E8F5194 /* Pods_MyAPPProject.framework */; };
		7E6DA2632BDA870C00D04B19 /* MACollectionViewCell.m in Sources */ = {isa = PBXBuildFile; fileRef = 7E6DA2622BDA870C00D04B19 /* MACollectionViewCell.m */; };
		7E6DA2662BDADBD900D04B19 /* MACollectionViewPicCell.m in Sources */ = {isa = PBXBuildFile; fileRef = 7E6DA2652BDADBD900D04B19 /* MACollectionViewPicCell.m */; };
		7E8D76C02BD8F27F0046FBA7 /* MAMyPageViewController.m in Sources */ = {isa = PBXBuildFile; fileRef = 7E8D76BF2BD8F27F0046FBA7 /* MAMyPageViewController.m */; };
		7EE155EA28F4107E00CE9053 /* AppDelegate.m in Sources */ = {isa = PBXBuildFile; fileRef = 7EE155E928F4107E00CE9053 /* AppDelegate.m */; };
		7EE155F028F4107E00CE9053 /* ViewController.m in Sources */ = {isa = PBXBuildFile; fileRef = 7EE155EF28F4107E00CE9053 /* ViewController.m */; };
		7EE155F528F4107F00CE9053 /* Assets.xcassets in Resources */ = {isa = PBXBuildFile; fileRef = 7EE155F428F4107F00CE9053 /* Assets.xcassets */; };
		7EE155F828F4107F00CE9053 /* LaunchScreen.storyboard in Resources */ = {isa = PBXBuildFile; fileRef = 7EE155F628F4107F00CE9053 /* LaunchScreen.storyboard */; };
		7EE155FB28F4107F00CE9053 /* main.m in Sources */ = {isa = PBXBuildFile; fileRef = 7EE155FA28F4107F00CE9053 /* main.m */; };
/* End PBXBuildFile section */

/* Begin PBXFileReference section */
		7E6DA2612BDA870C00D04B19 /* MACollectionViewCell.h */ = {isa = PBXFileReference; lastKnownFileType = sourcecode.c.h; path = MACollectionViewCell.h; sourceTree = "<group>"; };
		7E6DA2622BDA870C00D04B19 /* MACollectionViewCell.m */ = {isa = PBXFileReference; lastKnownFileType = sourcecode.c.objc; path = MACollectionViewCell.m; sourceTree = "<group>"; };
		7E6DA2642BDADBD900D04B19 /* MACollectionViewPicCell.h */ = {isa = PBXFileReference; lastKnownFileType = sourcecode.c.h; path = MACollectionViewPicCell.h; sourceTree = "<group>"; };
		7E6DA2652BDADBD900D04B19 /* MACollectionViewPicCell.m */ = {isa = PBXFileReference; lastKnownFileType = sourcecode.c.objc; path = MACollectionViewPicCell.m; sourceTree = "<group>"; };
		7E8D76BE2BD8F27F0046FBA7 /* MAMyPageViewController.h */ = {isa = PBXFileReference; lastKnownFileType = sourcecode.c.h; path = MAMyPageViewController.h; sourceTree = "<group>"; };
		7E8D76BF2BD8F27F0046FBA7 /* MAMyPageViewController.m */ = {isa = PBXFileReference; lastKnownFileType = sourcecode.c.objc; path = MAMyPageViewController.m; sourceTree = "<group>"; };
		7E8D76C12BD8F5990046FBA7 /* MAHelper.h */ = {isa = PBXFileReference; lastKnownFileType = sourcecode.c.h; path = MAHelper.h; sourceTree = "<group>"; };
		7EE155E528F4107E00CE9053 /* MyAPPProject.app */ = {isa = PBXFileReference; explicitFileType = wrapper.application; includeInIndex = 0; path = MyAPPProject.app; sourceTree = BUILT_PRODUCTS_DIR; };
		7EE155E828F4107E00CE9053 /* AppDelegate.h */ = {isa = PBXFileReference; lastKnownFileType = sourcecode.c.h; path = AppDelegate.h; sourceTree = "<group>"; };
		7EE155E928F4107E00CE9053 /* AppDelegate.m */ = {isa = PBXFileReference; lastKnownFileType = sourcecode.c.objc; path = AppDelegate.m; sourceTree = "<group>"; };
		7EE155EE28F4107E00CE9053 /* ViewController.h */ = {isa = PBXFileReference; lastKnownFileType = sourcecode.c.h; path = ViewController.h; sourceTree = "<group>"; };
		7EE155EF28F4107E00CE9053 /* ViewController.m */ = {isa = PBXFileReference; lastKnownFileType = sourcecode.c.objc; path = ViewController.m; sourceTree = "<group>"; };
		7EE155F428F4107F00CE9053 /* Assets.xcassets */ = {isa = PBXFileReference; lastKnownFileType = folder.assetcatalog; path = Assets.xcassets; sourceTree = "<group>"; };
		7EE155F728F4107F00CE9053 /* Base */ = {isa = PBXFileReference; lastKnownFileType = file.storyboard; name = Base; path = Base.lproj/LaunchScreen.storyboard; sourceTree = "<group>"; };
		7EE155F928F4107F00CE9053 /* Info.plist */ = {isa = PBXFileReference; lastKnownFileType = text.plist.xml; path = Info.plist; sourceTree = "<group>"; };
		7EE155FA28F4107F00CE9053 /* main.m */ = {isa = PBXFileReference; lastKnownFileType = sourcecode.c.objc; path = main.m; sourceTree = "<group>"; };
		9B0015A824EDA5B9DDD8AECF /* Pods-MyAPPProject.release.xcconfig */ = {isa = PBXFileReference; includeInIndex = 1; lastKnownFileType = text.xcconfig; name = "Pods-MyAPPProject.release.xcconfig"; path = "Target Support Files/Pods-MyAPPProject/Pods-MyAPPProject.release.xcconfig"; sourceTree = "<group>"; };
		A96EE018989194F77E8F5194 /* Pods_MyAPPProject.framework */ = {isa = PBXFileReference; explicitFileType = wrapper.framework; includeInIndex = 0; path = Pods_MyAPPProject.framework; sourceTree = BUILT_PRODUCTS_DIR; };
		F483C8C4A231E508F314C807 /* Pods-MyAPPProject.debug.xcconfig */ = {isa = PBXFileReference; includeInIndex = 1; lastKnownFileType = text.xcconfig; name = "Pods-MyAPPProject.debug.xcconfig"; path = "Target Support Files/Pods-MyAPPProject/Pods-MyAPPProject.debug.xcconfig"; sourceTree = "<group>"; };
/* End PBXFileReference section */

/* Begin PBXFrameworksBuildPhase section */
		7EE155E228F4107E00CE9053 /* Frameworks */ = {
			isa = PBXFrameworksBuildPhase;
			buildActionMask = 2147483647;
			files = (
				754BADF0B89655420007DE0B /* Pods_MyAPPProject.framework in Frameworks */,
			);
			runOnlyForDeploymentPostprocessing = 0;
		};
/* End PBXFrameworksBuildPhase section */

/* Begin PBXGroup section */
		48151A88FB41477ED423BC7F /* Frameworks */ = {
			isa = PBXGroup;
			children = (
				A96EE018989194F77E8F5194 /* Pods_MyAPPProject.framework */,
			);
			name = Frameworks;
			sourceTree = "<group>";
		};
		649638880922522B8434A5C0 /* Pods */ = {
			isa = PBXGroup;
			children = (
				F483C8C4A231E508F314C807 /* Pods-MyAPPProject.debug.xcconfig */,
				9B0015A824EDA5B9DDD8AECF /* Pods-MyAPPProject.release.xcconfig */,
			);
			path = Pods;
			sourceTree = "<group>";
		};
		7EE155DC28F4107E00CE9053 = {
			isa = PBXGroup;
			children = (
				7EE155E728F4107E00CE9053 /* MyAPPProject */,
				7EE155E628F4107E00CE9053 /* Products */,
				649638880922522B8434A5C0 /* Pods */,
				48151A88FB41477ED423BC7F /* Frameworks */,
			);
			sourceTree = "<group>";
		};
		7EE155E628F4107E00CE9053 /* Products */ = {
			isa = PBXGroup;
			children = (
				7EE155E528F4107E00CE9053 /* MyAPPProject.app */,
			);
			name = Products;
			sourceTree = "<group>";
		};
		7EE155E728F4107E00CE9053 /* MyAPPProject */ = {
			isa = PBXGroup;
			children = (
				7EE155E828F4107E00CE9053 /* AppDelegate.h */,
				7EE155E928F4107E00CE9053 /* AppDelegate.m */,
				7EE155EE28F4107E00CE9053 /* ViewController.h */,
				7EE155EF28F4107E00CE9053 /* ViewController.m */,
				7EE155F428F4107F00CE9053 /* Assets.xcassets */,
				7EE155F628F4107F00CE9053 /* LaunchScreen.storyboard */,
				7EE155F928F4107F00CE9053 /* Info.plist */,
				7EE155FA28F4107F00CE9053 /* main.m */,
				7E8D76BE2BD8F27F0046FBA7 /* MAMyPageViewController.h */,
				7E8D76BF2BD8F27F0046FBA7 /* MAMyPageViewController.m */,
				7E8D76C12BD8F5990046FBA7 /* MAHelper.h */,
				7E6DA2612BDA870C00D04B19 /* MACollectionViewCell.h */,
				7E6DA2622BDA870C00D04B19 /* MACollectionViewCell.m */,
				7E6DA2642BDADBD900D04B19 /* MACollectionViewPicCell.h */,
				7E6DA2652BDADBD900D04B19 /* MACollectionViewPicCell.m */,
			);
			path = MyAPPProject;
			sourceTree = "<group>";
		};
/* End PBXGroup section */

/* Begin PBXNativeTarget section */
		7EE155E428F4107E00CE9053 /* MyAPPProject */ = {
			isa = PBXNativeTarget;
			buildConfigurationList = 7EE155FE28F4107F00CE9053 /* Build configuration list for PBXNativeTarget "MyAPPProject" */;
			buildPhases = (
				322137A79E52A065C27F3A35 /* [CP] Check Pods Manifest.lock */,
				7EE155E128F4107E00CE9053 /* Sources */,
				7EE155E228F4107E00CE9053 /* Frameworks */,
				7EE155E328F4107E00CE9053 /* Resources */,
				C2DDF5869294CDD6C92C48D0 /* [CP] Embed Pods Frameworks */,
			);
			buildRules = (
			);
			dependencies = (
			);
			name = MyAPPProject;
			productName = test;
			productReference = 7EE155E528F4107E00CE9053 /* MyAPPProject.app */;
			productType = "com.apple.product-type.application";
		};
/* End PBXNativeTarget section */

/* Begin PBXProject section */
		7EE155DD28F4107E00CE9053 /* Project object */ = {
			isa = PBXProject;
			attributes = {
				BuildIndependentTargetsInParallel = 1;
				LastUpgradeCheck = 1320;
				TargetAttributes = {
					7EE155E428F4107E00CE9053 = {
						CreatedOnToolsVersion = 13.2;
					};
				};
			};
			buildConfigurationList = 7EE155E028F4107E00CE9053 /* Build configuration list for PBXProject "MyAPPProject" */;
			compatibilityVersion = "Xcode 13.0";
			developmentRegion = en;
			hasScannedForEncodings = 0;
			knownRegions = (
				en,
				Base,
			);
			mainGroup = 7EE155DC28F4107E00CE9053;
			productRefGroup = 7EE155E628F4107E00CE9053 /* Products */;
			projectDirPath = "";
			projectRoot = "";
			targets = (
				7EE155E428F4107E00CE9053 /* MyAPPProject */,
			);
		};
/* End PBXProject section */

/* Begin PBXResourcesBuildPhase section */
		7EE155E328F4107E00CE9053 /* Resources */ = {
			isa = PBXResourcesBuildPhase;
			buildActionMask = 2147483647;
			files = (
				7EE155F828F4107F00CE9053 /* LaunchScreen.storyboard in Resources */,
				7EE155F528F4107F00CE9053 /* Assets.xcassets in Resources */,
			);
			runOnlyForDeploymentPostprocessing = 0;
		};
/* End PBXResourcesBuildPhase section */

/* Begin PBXShellScriptBuildPhase section */
		322137A79E52A065C27F3A35 /* [CP] Check Pods Manifest.lock */ = {
			isa = PBXShellScriptBuildPhase;
			buildActionMask = 2147483647;
			files = (
			);
			inputFileListPaths = (
			);
			inputPaths = (
				"${PODS_PODFILE_DIR_PATH}/Podfile.lock",
				"${PODS_ROOT}/Manifest.lock",
			);
			name = "[CP] Check Pods Manifest.lock";
			outputFileListPaths = (
			);
			outputPaths = (
				"$(DERIVED_FILE_DIR)/Pods-MyAPPProject-checkManifestLockResult.txt",
			);
			runOnlyForDeploymentPostprocessing = 0;
			shellPath = /bin/sh;
			shellScript = "diff \"${PODS_PODFILE_DIR_PATH}/Podfile.lock\" \"${PODS_ROOT}/Manifest.lock\" > /dev/null\nif [ $? != 0 ] ; then\n    # print error to STDERR\n    echo \"error: The sandbox is not in sync with the Podfile.lock. Run 'pod install' or update your CocoaPods installation.\" >&2\n    exit 1\nfi\n# This output is used by Xcode 'outputs' to avoid re-running this script phase.\necho \"SUCCESS\" > \"${SCRIPT_OUTPUT_FILE_0}\"\n";
			showEnvVarsInLog = 0;
		};
		C2DDF5869294CDD6C92C48D0 /* [CP] Embed Pods Frameworks */ = {
			isa = PBXShellScriptBuildPhase;
			buildActionMask = 2147483647;
			files = (
			);
			inputFileListPaths = (
				"${PODS_ROOT}/Target Support Files/Pods-MyAPPProject/Pods-MyAPPProject-frameworks-${CONFIGURATION}-input-files.xcfilelist",
			);
			name = "[CP] Embed Pods Frameworks";
			outputFileListPaths = (
				"${PODS_ROOT}/Target Support Files/Pods-MyAPPProject/Pods-MyAPPProject-frameworks-${CONFIGURATION}-output-files.xcfilelist",
			);
			runOnlyForDeploymentPostprocessing = 0;
			shellPath = /bin/sh;
			shellScript = "\"${PODS_ROOT}/Target Support Files/Pods-MyAPPProject/Pods-MyAPPProject-frameworks.sh\"\n";
			showEnvVarsInLog = 0;
		};
/* End PBXShellScriptBuildPhase section */

/* Begin PBXSourcesBuildPhase section */
		7EE155E128F4107E00CE9053 /* Sources */ = {
			isa = PBXSourcesBuildPhase;
			buildActionMask = 2147483647;
			files = (
				7EE155F028F4107E00CE9053 /* ViewController.m in Sources */,
				7EE155EA28F4107E00CE9053 /* AppDelegate.m in Sources */,
				7EE155FB28F4107F00CE9053 /* main.m in Sources */,
				7E6DA2662BDADBD900D04B19 /* MACollectionViewPicCell.m in Sources */,
				7E8D76C02BD8F27F0046FBA7 /* MAMyPageViewController.m in Sources */,
				7E6DA2632BDA870C00D04B19 /* MACollectionViewCell.m in Sources */,
			);
			runOnlyForDeploymentPostprocessing = 0;
		};
/* End PBXSourcesBuildPhase section */

/* Begin PBXVariantGroup section */
		7EE155F628F4107F00CE9053 /* LaunchScreen.storyboard */ = {
			isa = PBXVariantGroup;
			children = (
				7EE155F728F4107F00CE9053 /* Base */,
			);
			name = LaunchScreen.storyboard;
			sourceTree = "<group>";
		};
/* End PBXVariantGroup section */

/* Begin XCBuildConfiguration section */
		7EE155FC28F4107F00CE9053 /* Debug */ = {
			isa = XCBuildConfiguration;
			buildSettings = {
				ALWAYS_SEARCH_USER_PATHS = NO;
				CLANG_ANALYZER_NONNULL = YES;
				CLANG_ANALYZER_NUMBER_OBJECT_CONVERSION = YES_AGGRESSIVE;
				CLANG_CXX_LANGUAGE_STANDARD = "gnu++17";
				CLANG_CXX_LIBRARY = "libc++";
				CLANG_ENABLE_MODULES = YES;
				CLANG_ENABLE_OBJC_ARC = YES;
				CLANG_ENABLE_OBJC_WEAK = YES;
				CLANG_WARN_BLOCK_CAPTURE_AUTORELEASING = YES;
				CLANG_WARN_BOOL_CONVERSION = YES;
				CLANG_WARN_COMMA = YES;
				CLANG_WARN_CONSTANT_CONVERSION = YES;
				CLANG_WARN_DEPRECATED_OBJC_IMPLEMENTATIONS = YES;
				CLANG_WARN_DIRECT_OBJC_ISA_USAGE = YES_ERROR;
				CLANG_WARN_DOCUMENTATION_COMMENTS = YES;
				CLANG_WARN_EMPTY_BODY = YES;
				CLANG_WARN_ENUM_CONVERSION = YES;
				CLANG_WARN_INFINITE_RECURSION = YES;
				CLANG_WARN_INT_CONVERSION = YES;
				CLANG_WARN_NON_LITERAL_NULL_CONVERSION = YES;
				CLANG_WARN_OBJC_IMPLICIT_RETAIN_SELF = YES;
				CLANG_WARN_OBJC_LITERAL_CONVERSION = YES;
				CLANG_WARN_OBJC_ROOT_CLASS = YES_ERROR;
				CLANG_WARN_QUOTED_INCLUDE_IN_FRAMEWORK_HEADER = YES;
				CLANG_WARN_RANGE_LOOP_ANALYSIS = YES;
				CLANG_WARN_STRICT_PROTOTYPES = YES;
				CLANG_WARN_SUSPICIOUS_MOVE = YES;
				CLANG_WARN_UNGUARDED_AVAILABILITY = YES_AGGRESSIVE;
				CLANG_WARN_UNREACHABLE_CODE = YES;
				CLANG_WARN__DUPLICATE_METHOD_MATCH = YES;
				COPY_PHASE_STRIP = NO;
				DEBUG_INFORMATION_FORMAT = dwarf;
				ENABLE_STRICT_OBJC_MSGSEND = YES;
				ENABLE_TESTABILITY = YES;
				GCC_C_LANGUAGE_STANDARD = gnu11;
				GCC_DYNAMIC_NO_PIC = NO;
				GCC_NO_COMMON_BLOCKS = YES;
				GCC_OPTIMIZATION_LEVEL = 0;
				GCC_PREPROCESSOR_DEFINITIONS = (
					"DEBUG=1",
					"$(inherited)",
				);
				GCC_WARN_64_TO_32_BIT_CONVERSION = YES;
				GCC_WARN_ABOUT_RETURN_TYPE = YES_ERROR;
				GCC_WARN_UNDECLARED_SELECTOR = YES;
				GCC_WARN_UNINITIALIZED_AUTOS = YES_AGGRESSIVE;
				GCC_WARN_UNUSED_FUNCTION = YES;
				GCC_WARN_UNUSED_VARIABLE = YES;
				IPHONEOS_DEPLOYMENT_TARGET = 15.2;
				MTL_ENABLE_DEBUG_INFO = INCLUDE_SOURCE;
				MTL_FAST_MATH = YES;
				ONLY_ACTIVE_ARCH = YES;
				PRODUCT_NAME = MyAPPProject;
				SDKROOT = iphoneos;
			};
			name = Debug;
		};
		7EE155FD28F4107F00CE9053 /* Release */ = {
			isa = XCBuildConfiguration;
			buildSettings = {
				ALWAYS_SEARCH_USER_PATHS = NO;
				CLANG_ANALYZER_NONNULL = YES;
				CLANG_ANALYZER_NUMBER_OBJECT_CONVERSION = YES_AGGRESSIVE;
				CLANG_CXX_LANGUAGE_STANDARD = "gnu++17";
				CLANG_CXX_LIBRARY = "libc++";
				CLANG_ENABLE_MODULES = YES;
				CLANG_ENABLE_OBJC_ARC = YES;
				CLANG_ENABLE_OBJC_WEAK = YES;
				CLANG_WARN_BLOCK_CAPTURE_AUTORELEASING = YES;
				CLANG_WARN_BOOL_CONVERSION = YES;
				CLANG_WARN_COMMA = YES;
				CLANG_WARN_CONSTANT_CONVERSION = YES;
				CLANG_WARN_DEPRECATED_OBJC_IMPLEMENTATIONS = YES;
				CLANG_WARN_DIRECT_OBJC_ISA_USAGE = YES_ERROR;
				CLANG_WARN_DOCUMENTATION_COMMENTS = YES;
				CLANG_WARN_EMPTY_BODY = YES;
				CLANG_WARN_ENUM_CONVERSION = YES;
				CLANG_WARN_INFINITE_RECURSION = YES;
				CLANG_WARN_INT_CONVERSION = YES;
				CLANG_WARN_NON_LITERAL_NULL_CONVERSION = YES;
				CLANG_WARN_OBJC_IMPLICIT_RETAIN_SELF = YES;
				CLANG_WARN_OBJC_LITERAL_CONVERSION = YES;
				CLANG_WARN_OBJC_ROOT_CLASS = YES_ERROR;
				CLANG_WARN_QUOTED_INCLUDE_IN_FRAMEWORK_HEADER = YES;
				CLANG_WARN_RANGE_LOOP_ANALYSIS = YES;
				CLANG_WARN_STRICT_PROTOTYPES = YES;
				CLANG_WARN_SUSPICIOUS_MOVE = YES;
				CLANG_WARN_UNGUARDED_AVAILABILITY = YES_AGGRESSIVE;
				CLANG_WARN_UNREACHABLE_CODE = YES;
				CLANG_WARN__DUPLICATE_METHOD_MATCH = YES;
				COPY_PHASE_STRIP = NO;
				DEBUG_INFORMATION_FORMAT = "dwarf-with-dsym";
				ENABLE_NS_ASSERTIONS = NO;
				ENABLE_STRICT_OBJC_MSGSEND = YES;
				GCC_C_LANGUAGE_STANDARD = gnu11;
				GCC_NO_COMMON_BLOCKS = YES;
				GCC_WARN_64_TO_32_BIT_CONVERSION = YES;
				GCC_WARN_ABOUT_RETURN_TYPE = YES_ERROR;
				GCC_WARN_UNDECLARED_SELECTOR = YES;
				GCC_WARN_UNINITIALIZED_AUTOS = YES_AGGRESSIVE;
				GCC_WARN_UNUSED_FUNCTION = YES;
				GCC_WARN_UNUSED_VARIABLE = YES;
				IPHONEOS_DEPLOYMENT_TARGET = 15.2;
				MTL_ENABLE_DEBUG_INFO = NO;
				MTL_FAST_MATH = YES;
				PRODUCT_NAME = MyAPPProject;
				SDKROOT = iphoneos;
				VALIDATE_PRODUCT = YES;
			};
			name = Release;
		};
		7EE155FF28F4107F00CE9053 /* Debug */ = {
			isa = XCBuildConfiguration;
			baseConfigurationReference = F483C8C4A231E508F314C807 /* Pods-MyAPPProject.debug.xcconfig */;
			buildSettings = {
				ASSETCATALOG_COMPILER_APPICON_NAME = AppIcon;
				ASSETCATALOG_COMPILER_GLOBAL_ACCENT_COLOR_NAME = AccentColor;
				CODE_SIGN_STYLE = Automatic;
				CURRENT_PROJECT_VERSION = 1;
				DEVELOPMENT_TEAM = L242QP77U2;
				GENERATE_INFOPLIST_FILE = YES;
				INFOPLIST_FILE = MyAPPProject/Info.plist;
				INFOPLIST_KEY_UIApplicationSupportsIndirectInputEvents = YES;
				INFOPLIST_KEY_UILaunchStoryboardName = LaunchScreen.storyboard;
				INFOPLIST_KEY_UIStatusBarStyle = "";
				INFOPLIST_KEY_UISupportedInterfaceOrientations = "UIInterfaceOrientationPortraitUpsideDown UIInterfaceOrientationLandscapeLeft UIInterfaceOrientationLandscapeRight";
				INFOPLIST_KEY_UISupportedInterfaceOrientations_iPad = "UIInterfaceOrientationPortrait UIInterfaceOrientationPortraitUpsideDown UIInterfaceOrientationLandscapeLeft UIInterfaceOrientationLandscapeRight";
				INFOPLIST_KEY_UISupportedInterfaceOrientations_iPhone = "UIInterfaceOrientationPortrait UIInterfaceOrientationLandscapeLeft UIInterfaceOrientationLandscapeRight";
				LD_RUNPATH_SEARCH_PATHS = (
					"$(inherited)",
					"@executable_path/Frameworks",
				);
				MARKETING_VERSION = 1.0;
				PRODUCT_BUNDLE_IDENTIFIER = com.windcry1.MyAPPProject;
				PRODUCT_NAME = "$(TARGET_NAME)";
				SWIFT_EMIT_LOC_STRINGS = YES;
				TARGETED_DEVICE_FAMILY = "1,2";
			};
			name = Debug;
		};
		7EE1560028F4107F00CE9053 /* Release */ = {
			isa = XCBuildConfiguration;
			baseConfigurationReference = 9B0015A824EDA5B9DDD8AECF /* Pods-MyAPPProject.release.xcconfig */;
			buildSettings = {
				ASSETCATALOG_COMPILER_APPICON_NAME = AppIcon;
				ASSETCATALOG_COMPILER_GLOBAL_ACCENT_COLOR_NAME = AccentColor;
				CODE_SIGN_STYLE = Automatic;
				CURRENT_PROJECT_VERSION = 1;
				DEVELOPMENT_TEAM = L242QP77U2;
				GENERATE_INFOPLIST_FILE = YES;
				INFOPLIST_FILE = MyAPPProject/Info.plist;
				INFOPLIST_KEY_UIApplicationSupportsIndirectInputEvents = YES;
				INFOPLIST_KEY_UILaunchStoryboardName = LaunchScreen.storyboard;
				INFOPLIST_KEY_UIStatusBarStyle = "";
				INFOPLIST_KEY_UISupportedInterfaceOrientations = "UIInterfaceOrientationPortraitUpsideDown UIInterfaceOrientationLandscapeLeft UIInterfaceOrientationLandscapeRight";
				INFOPLIST_KEY_UISupportedInterfaceOrientations_iPad = "UIInterfaceOrientationPortrait UIInterfaceOrientationPortraitUpsideDown UIInterfaceOrientationLandscapeLeft UIInterfaceOrientationLandscapeRight";
				INFOPLIST_KEY_UISupportedInterfaceOrientations_iPhone = "UIInterfaceOrientationPortrait UIInterfaceOrientationLandscapeLeft UIInterfaceOrientationLandscapeRight";
				LD_RUNPATH_SEARCH_PATHS = (
					"$(inherited)",
					"@executable_path/Frameworks",
				);
				MARKETING_VERSION = 1.0;
				PRODUCT_BUNDLE_IDENTIFIER = com.windcry1.MyAPPProject;
				PRODUCT_NAME = "$(TARGET_NAME)";
				SWIFT_EMIT_LOC_STRINGS = YES;
				TARGETED_DEVICE_FAMILY = "1,2";
			};
			name = Release;
		};
/* End XCBuildConfiguration section */

/* Begin XCConfigurationList section */
		7EE155E028F4107E00CE9053 /* Build configuration list for PBXProject "MyAPPProject" */ = {
			isa = XCConfigurationList;
			buildConfigurations = (
				7EE155FC28F4107F00CE9053 /* Debug */,
				7EE155FD28F4107F00CE9053 /* Release */,
			);
			defaultConfigurationIsVisible = 0;
			defaultConfigurationName = Release;
		};
		7EE155FE28F4107F00CE9053 /* Build configuration list for PBXNativeTarget "MyAPPProject" */ = {
			isa = XCConfigurationList;
			buildConfigurations = (
				7EE155FF28F4107F00CE9053 /* Debug */,
				7EE1560028F4107F00CE9053 /* Release */,
			);
			defaultConfigurationIsVisible = 0;
			defaultConfigurationName = Release;
		};
/* End XCConfigurationList section */
	};
	rootObject = 7EE155DD28F4107E00CE9053 /* Project object */;
}
